
Microsoft Visual Studio Solution File, Format Version 12.00
# Visual Studio Version 17
VisualStudioVersion = 17.14.36616.10 d17.14
MinimumVisualStudioVersion = 10.0.40219.1
Project("{FAE04EC0-301F-11D3-BF4B-00C04F79EFBC}") = "Academy.Api", "Academy.Api\Academy.Api.csproj", "{9F33A75F-943B-4135-B494-E9A23C1CDB17}"
EndProject
Project("{FAE04EC0-301F-11D3-BF4B-00C04F79EFBC}") = "Academy.Domain", "Academy.Domain\Academy.Domain.csproj", "{1C786A23-D4AD-4A94-8A8F-614A6778CB9B}"
EndProject
Project("{FAE04EC0-301F-11D3-BF4B-00C04F79EFBC}") = "Academy.Infrastructure", "Academy.Infrastructure\Academy.Infrastructure.csproj", "{3EA70DC0-F4EB-4C4A-A0F9-A6E344E2EDD2}"
EndProject
Project("{FAE04EC0-301F-11D3-BF4B-00C04F79EFBC}") = "Academy.Application", "Academy.Application\Academy.Application.csproj", "{D1CB3CDF-186C-4A42-B88C-869B02163823}"
EndProject
Global
	GlobalSection(SolutionConfigurationPlatforms) = preSolution
		Debug|Any CPU = Debug|Any CPU
		Release|Any CPU = Release|Any CPU
	EndGlobalSection
	GlobalSection(ProjectConfigurationPlatforms) = postSolution
		{9F33A75F-943B-4135-B494-E9A23C1CDB17}.Debug|Any CPU.ActiveCfg = Debug|Any CPU
		{9F33A75F-943B-4135-B494-E9A23C1CDB17}.Debug|Any CPU.Build.0 = Debug|Any CPU
		{9F33A75F-943B-4135-B494-E9A23C1CDB17}.Release|Any CPU.ActiveCfg = Release|Any CPU
		{9F33A75F-943B-4135-B494-E9A23C1CDB17}.Release|Any CPU.Build.0 = Release|Any CPU
		{1C786A23-D4AD-4A94-8A8F-614A6778CB9B}.Debug|Any CPU.ActiveCfg = Debug|Any CPU
		{1C786A23-D4AD-4A94-8A8F-614A6778CB9B}.Debug|Any CPU.Build.0 = Debug|Any CPU
		{1C786A23-D4AD-4A94-8A8F-614A6778CB9B}.Release|Any CPU.ActiveCfg = Release|Any CPU
		{1C786A23-D4AD-4A94-8A8F-614A6778CB9B}.Release|Any CPU.Build.0 = Release|Any CPU
		{3EA70DC0-F4EB-4C4A-A0F9-A6E344E2EDD2}.Debug|Any CPU.ActiveCfg = Debug|Any CPU
		{3EA70DC0-F4EB-4C4A-A0F9-A6E344E2EDD2}.Debug|Any CPU.Build.0 = Debug|Any CPU
		{3EA70DC0-F4EB-4C4A-A0F9-A6E344E2EDD2}.Release|Any CPU.ActiveCfg = Release|Any CPU
		{3EA70DC0-F4EB-4C4A-A0F9-A6E344E2EDD2}.Release|Any CPU.Build.0 = Release|Any CPU
		{D1CB3CDF-186C-4A42-B88C-869B02163823}.Debug|Any CPU.ActiveCfg = Debug|Any CPU
		{D1CB3CDF-186C-4A42-B88C-869B02163823}.Debug|Any CPU.Build.0 = Debug|Any CPU
		{D1CB3CDF-186C-4A42-B88C-869B02163823}.Release|Any CPU.ActiveCfg = Release|Any CPU
		{D1CB3CDF-186C-4A42-B88C-869B02163823}.Release|Any CPU.Build.0 = Release|Any CPU
	EndGlobalSection
	GlobalSection(SolutionProperties) = preSolution
		HideSolutionNode = FALSE
	EndGlobalSection
	GlobalSection(ExtensibilityGlobals) = postSolution
		SolutionGuid = {632E27F4-E724-413E-8ECB-A37C34FA555E}
	EndGlobalSection
EndGlobal
